
Microsoft Visual Studio Solution File, Format Version 12.00
# Visual Studio Version 16
VisualStudioVersion = 16.0.31911.196
MinimumVisualStudioVersion = 10.0.40219.1
Project("{8BC9CEB8-8B4A-11D0-8D11-00A0C91BC942}") = "UDP_client", "UDP_client.vcxproj", "{8D36C270-7A46-4612-A56E-15DFC734D7F4}"
EndProject
Global
	GlobalSection(SolutionConfigurationPlatforms) = preSolution
		Debug|x64 = Debug|x64
		Debug|x86 = Debug|x86
		Release|x64 = Release|x64
		Release|x86 = Release|x86
	EndGlobalSection
	GlobalSection(ProjectConfigurationPlatforms) = postSolution
		{8D36C270-7A46-4612-A56E-15DFC734D7F4}.Debug|x64.ActiveCfg = Debug|x64
		{8D36C270-7A46-4612-A56E-15DFC734D7F4}.Debug|x64.Build.0 = Debug|x64
		{8D36C270-7A46-4612-A56E-15DFC734D7F4}.Debug|x86.ActiveCfg = Debug|Win32
		{8D36C270-7A46-4612-A56E-15DFC734D7F4}.Debug|x86.Build.0 = Debug|Win32
		{8D36C270-7A46-4612-A56E-15DFC734D7F4}.Release|x64.ActiveCfg = Release|x64
		{8D36C270-7A46-4612-A56E-15DFC734D7F4}.Release|x64.Build.0 = Release|x64
		{8D36C270-7A46-4612-A56E-15DFC734D7F4}.Release|x86.ActiveCfg = Release|Win32
		{8D36C270-7A46-4612-A56E-15DFC734D7F4}.Release|x86.Build.0 = Release|Win32
	EndGlobalSection
	GlobalSection(SolutionProperties) = preSolution
		HideSolutionNode = FALSE
	EndGlobalSection
	GlobalSection(ExtensibilityGlobals) = postSolution
		SolutionGuid = {FB91FD7B-3C85-41BD-8516-46C1D232D568}
	EndGlobalSection
EndGlobal
