
Microsoft Visual Studio Solution File, Format Version 12.00
# Visual Studio Version 16
VisualStudioVersion = 16.0.31911.196
MinimumVisualStudioVersion = 10.0.40219.1
Project("{8BC9CEB8-8B4A-11D0-8D11-00A0C91BC942}") = "TCP_client", "TCP_client.vcxproj", "{2FC48BEC-A603-49FD-A4A2-BC0AA3CBB31A}"
EndProject
Global
	GlobalSection(SolutionConfigurationPlatforms) = preSolution
		Debug|x64 = Debug|x64
		Debug|x86 = Debug|x86
		Release|x64 = Release|x64
		Release|x86 = Release|x86
	EndGlobalSection
	GlobalSection(ProjectConfigurationPlatforms) = postSolution
		{2FC48BEC-A603-49FD-A4A2-BC0AA3CBB31A}.Debug|x64.ActiveCfg = Debug|x64
		{2FC48BEC-A603-49FD-A4A2-BC0AA3CBB31A}.Debug|x64.Build.0 = Debug|x64
		{2FC48BEC-A603-49FD-A4A2-BC0AA3CBB31A}.Debug|x86.ActiveCfg = Debug|Win32
		{2FC48BEC-A603-49FD-A4A2-BC0AA3CBB31A}.Debug|x86.Build.0 = Debug|Win32
		{2FC48BEC-A603-49FD-A4A2-BC0AA3CBB31A}.Release|x64.ActiveCfg = Release|x64
		{2FC48BEC-A603-49FD-A4A2-BC0AA3CBB31A}.Release|x64.Build.0 = Release|x64
		{2FC48BEC-A603-49FD-A4A2-BC0AA3CBB31A}.Release|x86.ActiveCfg = Release|Win32
		{2FC48BEC-A603-49FD-A4A2-BC0AA3CBB31A}.Release|x86.Build.0 = Release|Win32
	EndGlobalSection
	GlobalSection(SolutionProperties) = preSolution
		HideSolutionNode = FALSE
	EndGlobalSection
	GlobalSection(ExtensibilityGlobals) = postSolution
		SolutionGuid = {4FEA9876-7D38-455A-855E-D741464F0E91}
	EndGlobalSection
EndGlobal
